
Microsoft Visual Studio Solution File, Format Version 12.00
# Visual Studio Version 16
VisualStudioVersion = 16.0.29509.3
MinimumVisualStudioVersion = 10.0.40219.1
Project("{9A19103F-16F7-4668-BE54-9A1E7A4F7556}") = "Dynamic_Type_Emulation", "Dynamic_Type_Emulation\Dynamic_Type_Emulation.csproj", "{FA4FFA8D-E2D0-4A5E-8D93-C52FD538A1D6}"
EndProject
Project("{FAE04EC0-301F-11D3-BF4B-00C04F79EFBC}") = "Dynamic_Type_Tests", "Dynamic_Type_Tests\Dynamic_Type_Tests.csproj", "{600EE727-EC96-41A7-B255-C79F9B722A7E}"
EndProject
Global
	GlobalSection(SolutionConfigurationPlatforms) = preSolution
		Debug|Any CPU = Debug|Any CPU
		Release|Any CPU = Release|Any CPU
	EndGlobalSection
	GlobalSection(ProjectConfigurationPlatforms) = postSolution
		{FA4FFA8D-E2D0-4A5E-8D93-C52FD538A1D6}.Debug|Any CPU.ActiveCfg = Debug|Any CPU
		{FA4FFA8D-E2D0-4A5E-8D93-C52FD538A1D6}.Debug|Any CPU.Build.0 = Debug|Any CPU
		{FA4FFA8D-E2D0-4A5E-8D93-C52FD538A1D6}.Release|Any CPU.ActiveCfg = Release|Any CPU
		{FA4FFA8D-E2D0-4A5E-8D93-C52FD538A1D6}.Release|Any CPU.Build.0 = Release|Any CPU
		{600EE727-EC96-41A7-B255-C79F9B722A7E}.Debug|Any CPU.ActiveCfg = Debug|Any CPU
		{600EE727-EC96-41A7-B255-C79F9B722A7E}.Debug|Any CPU.Build.0 = Debug|Any CPU
		{600EE727-EC96-41A7-B255-C79F9B722A7E}.Release|Any CPU.ActiveCfg = Release|Any CPU
		{600EE727-EC96-41A7-B255-C79F9B722A7E}.Release|Any CPU.Build.0 = Release|Any CPU
	EndGlobalSection
	GlobalSection(SolutionProperties) = preSolution
		HideSolutionNode = FALSE
	EndGlobalSection
	GlobalSection(ExtensibilityGlobals) = postSolution
		SolutionGuid = {02F41FB9-1613-4299-B274-AF18B747804C}
	EndGlobalSection
EndGlobal
